
Microsoft Visual Studio Solution File, Format Version 12.00
# Visual Studio Version 17
VisualStudioVersion = 17.3.32929.385
MinimumVisualStudioVersion = 10.0.40219.1
Project("{8BC9CEB8-8B4A-11D0-8D11-00A0C91BC942}") = "Homework_03", "Homework_03\Homework_03.vcxproj", "{907073CE-E0C2-4B1B-A502-A6D12EF30900}"
EndProject
Global
	GlobalSection(SolutionConfigurationPlatforms) = preSolution
		Debug|x64 = Debug|x64
		Debug|x86 = Debug|x86
		Release|x64 = Release|x64
		Release|x86 = Release|x86
	EndGlobalSection
	GlobalSection(ProjectConfigurationPlatforms) = postSolution
		{907073CE-E0C2-4B1B-A502-A6D12EF30900}.Debug|x64.ActiveCfg = Debug|x64
		{907073CE-E0C2-4B1B-A502-A6D12EF30900}.Debug|x64.Build.0 = Debug|x64
		{907073CE-E0C2-4B1B-A502-A6D12EF30900}.Debug|x86.ActiveCfg = Debug|Win32
		{907073CE-E0C2-4B1B-A502-A6D12EF30900}.Debug|x86.Build.0 = Debug|Win32
		{907073CE-E0C2-4B1B-A502-A6D12EF30900}.Release|x64.ActiveCfg = Release|x64
		{907073CE-E0C2-4B1B-A502-A6D12EF30900}.Release|x64.Build.0 = Release|x64
		{907073CE-E0C2-4B1B-A502-A6D12EF30900}.Release|x86.ActiveCfg = Release|Win32
		{907073CE-E0C2-4B1B-A502-A6D12EF30900}.Release|x86.Build.0 = Release|Win32
	EndGlobalSection
	GlobalSection(SolutionProperties) = preSolution
		HideSolutionNode = FALSE
	EndGlobalSection
	GlobalSection(ExtensibilityGlobals) = postSolution
		SolutionGuid = {2A6266FF-F15A-4E19-A7F8-287E6601A2AF}
	EndGlobalSection
EndGlobal
